
Microsoft Visual Studio Solution File, Format Version 12.00
# Visual Studio Version 17
VisualStudioVersion = 17.14.36518.9
MinimumVisualStudioVersion = 10.0.40219.1
Project("{F184B08F-C81C-45F6-A57F-5ABD9991F28F}") = "BESHStatNG", "BESHStatNG\BESHStatNG.vbproj", "{A4A3C057-C520-462B-AD91-F481B2D797DE}"
EndProject
Global
	GlobalSection(SolutionConfigurationPlatforms) = preSolution
		Debug|Any CPU = Debug|Any CPU
		PreRelease|Any CPU = PreRelease|Any CPU
		Release|Any CPU = Release|Any CPU
	EndGlobalSection
	GlobalSection(ProjectConfigurationPlatforms) = postSolution
		{A4A3C057-C520-462B-AD91-F481B2D797DE}.Debug|Any CPU.ActiveCfg = Debug|Any CPU
		{A4A3C057-C520-462B-AD91-F481B2D797DE}.Debug|Any CPU.Build.0 = Debug|Any CPU
		{A4A3C057-C520-462B-AD91-F481B2D797DE}.PreRelease|Any CPU.ActiveCfg = PreRelease|Any CPU
		{A4A3C057-C520-462B-AD91-F481B2D797DE}.PreRelease|Any CPU.Build.0 = PreRelease|Any CPU
		{A4A3C057-C520-462B-AD91-F481B2D797DE}.Release|Any CPU.ActiveCfg = Release|Any CPU
		{A4A3C057-C520-462B-AD91-F481B2D797DE}.Release|Any CPU.Build.0 = Release|Any CPU
	EndGlobalSection
	GlobalSection(SolutionProperties) = preSolution
		HideSolutionNode = FALSE
	EndGlobalSection
	GlobalSection(ExtensibilityGlobals) = postSolution
		SolutionGuid = {2BDC40FE-5444-4C0E-AA52-851F1FF8DB69}
	EndGlobalSection
EndGlobal
